{
  "name": "infrabox-openclaw-diagnostics",
  "version": "1.0.0",
  "lockfileVersion": 3,
  "requires": true,
  "packages": {
    "": {
      "name": "infrabox-openclaw-diagnostics",
      "version": "1.0.0",
      "dependencies": {
        "@openclaw/diagnostics-prometheus": "2026.9.4"
      }
    },
    "node_modules/@openclaw/diagnostics-prometheus": {
      "version": "2026.9.4",
      "resolved": "https://registry.npmjs.org/@openclaw/diagnostics-prometheus/-/diagnostics-prometheus-2026.9.4.tgz",
      "integrity": "sha512-KzjjYgPHJczxUPGAPilmiVAE/NvAijQN47LDBbG/+7X23WU3ipXWwJ1lj/unkbHdVYtfNYmIlQ2QQXMvUUh13A==",
      "peerDependencies": {
        "openclaw": ">=2026.9.4"
      },
      "peerDependenciesMeta": {
        "openclaw": {
          "optional": true
        }
      }
    }
  }
}
